
Microsoft Visual Studio Solution File, Format Version 12.00
# Visual Studio Version 17
VisualStudioVersion = 17.2.32616.157
MinimumVisualStudioVersion = 10.0.40219.1
Project("{FAE04EC0-301F-11D3-BF4B-00C04F79EFBC}") = "ConsoleApp", "ConsoleApp\ConsoleApp.csproj", "{24AB56F7-641C-4512-9E18-DA852181C353}"
EndProject
Project("{FAE04EC0-301F-11D3-BF4B-00C04F79EFBC}") = "StringPrograms", "StringPrograms\StringPrograms.csproj", "{73BFD3ED-2EAC-471B-84A5-D8D71FDF1B6A}"
EndProject
Global
	GlobalSection(SolutionConfigurationPlatforms) = preSolution
		Debug|Any CPU = Debug|Any CPU
		Release|Any CPU = Release|Any CPU
	EndGlobalSection
	GlobalSection(ProjectConfigurationPlatforms) = postSolution
		{24AB56F7-641C-4512-9E18-DA852181C353}.Debug|Any CPU.ActiveCfg = Debug|Any CPU
		{24AB56F7-641C-4512-9E18-DA852181C353}.Debug|Any CPU.Build.0 = Debug|Any CPU
		{24AB56F7-641C-4512-9E18-DA852181C353}.Release|Any CPU.ActiveCfg = Release|Any CPU
		{24AB56F7-641C-4512-9E18-DA852181C353}.Release|Any CPU.Build.0 = Release|Any CPU
		{73BFD3ED-2EAC-471B-84A5-D8D71FDF1B6A}.Debug|Any CPU.ActiveCfg = Debug|Any CPU
		{73BFD3ED-2EAC-471B-84A5-D8D71FDF1B6A}.Debug|Any CPU.Build.0 = Debug|Any CPU
		{73BFD3ED-2EAC-471B-84A5-D8D71FDF1B6A}.Release|Any CPU.ActiveCfg = Release|Any CPU
		{73BFD3ED-2EAC-471B-84A5-D8D71FDF1B6A}.Release|Any CPU.Build.0 = Release|Any CPU
	EndGlobalSection
	GlobalSection(SolutionProperties) = preSolution
		HideSolutionNode = FALSE
	EndGlobalSection
	GlobalSection(ExtensibilityGlobals) = postSolution
		SolutionGuid = {27439FC5-B77F-4024-9CDE-AB300150F7F3}
	EndGlobalSection
EndGlobal
